schema: '2.0'
stages:
  train:
    cmd: python commands.py
    deps:
    - path: configs
      hash: md5
      md5: 4f804b17d96f6bdee34299d0d8802f91.dir
      size: 703
      nfiles: 5
    - path: smartphone_classifier
      hash: md5
      md5: bb2f296c8cd13a0132681700d059f1cb.dir
      size: 32658
      nfiles: 14
    - path: smartphone_classifier/train.py
      hash: md5
      md5: 6080d56d1baec44e4268fd73e4512d04
      size: 6883
